
Microsoft Visual Studio Solution File, Format Version 12.00
# Visual Studio Version 17
VisualStudioVersion = 17.4.33103.184
MinimumVisualStudioVersion = 10.0.40219.1
Project("{2150E333-8FDC-42A3-9474-1A3956D46DE8}") = "src", "src", "{286A897A-9FDC-4B58-B883-7A83B84D5F72}"
EndProject
Project("{2150E333-8FDC-42A3-9474-1A3956D46DE8}") = "samples", "samples", "{F8938988-5887-4429-93AD-B113DC6DFE2D}"
EndProject
Project("{9A19103F-16F7-4668-BE54-9A1E7A4F7556}") = "Elmah.Io.Umbraco", "src\Elmah.Io.Umbraco\Elmah.Io.Umbraco.csproj", "{CC52EBFC-6CE8-4E90-BFA8-EDB4B7E00D7B}"
EndProject
Project("{9A19103F-16F7-4668-BE54-9A1E7A4F7556}") = "Elmah.Io.Umbraco.Umbraco10Example", "samples\Elmah.Io.Umbraco.Umbraco10Example\Elmah.Io.Umbraco.Umbraco10Example.csproj", "{1FFEAC06-0A4D-4CF0-8851-4BED0F13DB80}"
EndProject
Project("{2150E333-8FDC-42A3-9474-1A3956D46DE8}") = "test", "test", "{3DCE574A-FC8D-45A6-A694-612506F94671}"
EndProject
Project("{9A19103F-16F7-4668-BE54-9A1E7A4F7556}") = "Elmah.Io.Umbraco.Test", "test\Elmah.Io.Umbraco.Test\Elmah.Io.Umbraco.Test.csproj", "{73F30107-5AA2-4525-8173-2B9AE5DC161C}"
EndProject
Project("{FAE04EC0-301F-11D3-BF4B-00C04F79EFBC}") = "Elmah.Io.Umbraco.Umbraco15Example", "samples\Elmah.Io.Umbraco.Umbraco15Example\Elmah.Io.Umbraco.Umbraco15Example.csproj", "{7FBE6582-2A83-42B2-AE1B-CA529B625C5D}"
EndProject
Global
	GlobalSection(SolutionConfigurationPlatforms) = preSolution
		Debug|Any CPU = Debug|Any CPU
		Release|Any CPU = Release|Any CPU
	EndGlobalSection
	GlobalSection(ProjectConfigurationPlatforms) = postSolution
		{CC52EBFC-6CE8-4E90-BFA8-EDB4B7E00D7B}.Debug|Any CPU.ActiveCfg = Debug|Any CPU
		{CC52EBFC-6CE8-4E90-BFA8-EDB4B7E00D7B}.Debug|Any CPU.Build.0 = Debug|Any CPU
		{CC52EBFC-6CE8-4E90-BFA8-EDB4B7E00D7B}.Release|Any CPU.ActiveCfg = Release|Any CPU
		{CC52EBFC-6CE8-4E90-BFA8-EDB4B7E00D7B}.Release|Any CPU.Build.0 = Release|Any CPU
		{1FFEAC06-0A4D-4CF0-8851-4BED0F13DB80}.Debug|Any CPU.ActiveCfg = Debug|Any CPU
		{1FFEAC06-0A4D-4CF0-8851-4BED0F13DB80}.Debug|Any CPU.Build.0 = Debug|Any CPU
		{1FFEAC06-0A4D-4CF0-8851-4BED0F13DB80}.Release|Any CPU.ActiveCfg = Release|Any CPU
		{1FFEAC06-0A4D-4CF0-8851-4BED0F13DB80}.Release|Any CPU.Build.0 = Release|Any CPU
		{73F30107-5AA2-4525-8173-2B9AE5DC161C}.Debug|Any CPU.ActiveCfg = Debug|Any CPU
		{73F30107-5AA2-4525-8173-2B9AE5DC161C}.Debug|Any CPU.Build.0 = Debug|Any CPU
		{73F30107-5AA2-4525-8173-2B9AE5DC161C}.Release|Any CPU.ActiveCfg = Release|Any CPU
		{73F30107-5AA2-4525-8173-2B9AE5DC161C}.Release|Any CPU.Build.0 = Release|Any CPU
		{7FBE6582-2A83-42B2-AE1B-CA529B625C5D}.Debug|Any CPU.ActiveCfg = Debug|Any CPU
		{7FBE6582-2A83-42B2-AE1B-CA529B625C5D}.Debug|Any CPU.Build.0 = Debug|Any CPU
		{7FBE6582-2A83-42B2-AE1B-CA529B625C5D}.Release|Any CPU.ActiveCfg = Release|Any CPU
		{7FBE6582-2A83-42B2-AE1B-CA529B625C5D}.Release|Any CPU.Build.0 = Release|Any CPU
	EndGlobalSection
	GlobalSection(SolutionProperties) = preSolution
		HideSolutionNode = FALSE
	EndGlobalSection
	GlobalSection(NestedProjects) = preSolution
		{CC52EBFC-6CE8-4E90-BFA8-EDB4B7E00D7B} = {286A897A-9FDC-4B58-B883-7A83B84D5F72}
		{1FFEAC06-0A4D-4CF0-8851-4BED0F13DB80} = {F8938988-5887-4429-93AD-B113DC6DFE2D}
		{73F30107-5AA2-4525-8173-2B9AE5DC161C} = {3DCE574A-FC8D-45A6-A694-612506F94671}
		{7FBE6582-2A83-42B2-AE1B-CA529B625C5D} = {F8938988-5887-4429-93AD-B113DC6DFE2D}
	EndGlobalSection
	GlobalSection(ExtensibilityGlobals) = postSolution
		SolutionGuid = {E2C8E4B5-1162-4B95-8428-1A89388D8658}
	EndGlobalSection
EndGlobal
